// !$*UTF8*$!
{
	archiveVersion = 1;
	classes = {
	};
	objectVersion = 46;
	objects = {

/* Begin PBXBuildFile section */
		6E1118471CDC2B640017812A /* libPaySDK.a in Frameworks */ = {isa = PBXBuildFile; fileRef = 6E1118461CDC2B640017812A /* libPaySDK.a */; };
		6EA25C321CDB4E030042BCB7 /* main.m in Sources */ = {isa = PBXBuildFile; fileRef = 6EA25C311CDB4E030042BCB7 /* main.m */; };
		6EA25C351CDB4E030042BCB7 /* AppDelegate.m in Sources */ = {isa = PBXBuildFile; fileRef = 6EA25C341CDB4E030042BCB7 /* AppDelegate.m */; };
		6EA25C381CDB4E030042BCB7 /* ViewController.m in Sources */ = {isa = PBXBuildFile; fileRef = 6EA25C371CDB4E030042BCB7 /* ViewController.m */; };
		6EA25C3B1CDB4E030042BCB7 /* Main.storyboard in Resources */ = {isa = PBXBuildFile; fileRef = 6EA25C391CDB4E030042BCB7 /* Main.storyboard */; };
		6EA25C3D1CDB4E030042BCB7 /* Assets.xcassets in Resources */ = {isa = PBXBuildFile; fileRef = 6EA25C3C1CDB4E030042BCB7 /* Assets.xcassets */; };
		6EA25C401CDB4E030042BCB7 /* LaunchScreen.storyboard in Resources */ = {isa = PBXBuildFile; fileRef = 6EA25C3E1CDB4E030042BCB7 /* LaunchScreen.storyboard */; };
		6EA25C4B1CDB4E030042BCB7 /* IPaySDKTests.m in Sources */ = {isa = PBXBuildFile; fileRef = 6EA25C4A1CDB4E030042BCB7 /* IPaySDKTests.m */; };
		6EA25C561CDB4E030042BCB7 /* IPaySDKUITests.m in Sources */ = {isa = PBXBuildFile; fileRef = 6EA25C551CDB4E030042BCB7 /* IPaySDKUITests.m */; };
/* End PBXBuildFile section */

/* Begin PBXContainerItemProxy section */
		6EA25C471CDB4E030042BCB7 /* PBXContainerItemProxy */ = {
			isa = PBXContainerItemProxy;
			containerPortal = 6EA25C251CDB4E030042BCB7 /* Project object */;
			proxyType = 1;
			remoteGlobalIDString = 6EA25C2C1CDB4E030042BCB7;
			remoteInfo = IPaySDK;
		};
		6EA25C521CDB4E030042BCB7 /* PBXContainerItemProxy */ = {
			isa = PBXContainerItemProxy;
			containerPortal = 6EA25C251CDB4E030042BCB7 /* Project object */;
			proxyType = 1;
			remoteGlobalIDString = 6EA25C2C1CDB4E030042BCB7;
			remoteInfo = IPaySDK;
		};
/* End PBXContainerItemProxy section */

/* Begin PBXFileReference section */
		6E1118451CDC2B640017812A /* PaySDK.h */ = {isa = PBXFileReference; fileEncoding = 4; lastKnownFileType = sourcecode.c.h; path = PaySDK.h; sourceTree = "<group>"; };
		6E1118461CDC2B640017812A /* libPaySDK.a */ = {isa = PBXFileReference; lastKnownFileType = archive.ar; path = libPaySDK.a; sourceTree = "<group>"; };
		6EA25C2D1CDB4E030042BCB7 /* IPaySDK.app */ = {isa = PBXFileReference; explicitFileType = wrapper.application; includeInIndex = 0; path = IPaySDK.app; sourceTree = BUILT_PRODUCTS_DIR; };
		6EA25C311CDB4E030042BCB7 /* main.m */ = {isa = PBXFileReference; lastKnownFileType = sourcecode.c.objc; path = main.m; sourceTree = "<group>"; };
		6EA25C331CDB4E030042BCB7 /* AppDelegate.h */ = {isa = PBXFileReference; lastKnownFileType = sourcecode.c.h; path = AppDelegate.h; sourceTree = "<group>"; };
		6EA25C341CDB4E030042BCB7 /* AppDelegate.m */ = {isa = PBXFileReference; lastKnownFileType = sourcecode.c.objc; path = AppDelegate.m; sourceTree = "<group>"; };
		6EA25C361CDB4E030042BCB7 /* ViewController.h */ = {isa = PBXFileReference; lastKnownFileType = sourcecode.c.h; path = ViewController.h; sourceTree = "<group>"; };
		6EA25C371CDB4E030042BCB7 /* ViewController.m */ = {isa = PBXFileReference; lastKnownFileType = sourcecode.c.objc; path = ViewController.m; sourceTree = "<group>"; };
		6EA25C3A1CDB4E030042BCB7 /* Base */ = {isa = PBXFileReference; lastKnownFileType = file.storyboard; name = Base; path = Base.lproj/Main.storyboard; sourceTree = "<group>"; };
		6EA25C3C1CDB4E030042BCB7 /* Assets.xcassets */ = {isa = PBXFileReference; lastKnownFileType = folder.assetcatalog; path = Assets.xcassets; sourceTree = "<group>"; };
		6EA25C3F1CDB4E030042BCB7 /* Base */ = {isa = PBXFileReference; lastKnownFileType = file.storyboard; name = Base; path = Base.lproj/LaunchScreen.storyboard; sourceTree = "<group>"; };
		6EA25C411CDB4E030042BCB7 /* Info.plist */ = {isa = PBXFileReference; lastKnownFileType = text.plist.xml; path = Info.plist; sourceTree = "<group>"; };
		6EA25C461CDB4E030042BCB7 /* IPaySDKTests.xctest */ = {isa = PBXFileReference; explicitFileType = wrapper.cfbundle; includeInIndex = 0; path = IPaySDKTests.xctest; sourceTree = BUILT_PRODUCTS_DIR; };
		6EA25C4A1CDB4E030042BCB7 /* IPaySDKTests.m */ = {isa = PBXFileReference; lastKnownFileType = sourcecode.c.objc; path = IPaySDKTests.m; sourceTree = "<group>"; };
		6EA25C4C1CDB4E030042BCB7 /* Info.plist */ = {isa = PBXFileReference; lastKnownFileType = text.plist.xml; path = Info.plist; sourceTree = "<group>"; };
		6EA25C511CDB4E030042BCB7 /* IPaySDKUITests.xctest */ = {isa = PBXFileReference; explicitFileType = wrapper.cfbundle; includeInIndex = 0; path = IPaySDKUITests.xctest; sourceTree = BUILT_PRODUCTS_DIR; };
		6EA25C551CDB4E030042BCB7 /* IPaySDKUITests.m */ = {isa = PBXFileReference; lastKnownFileType = sourcecode.c.objc; path = IPaySDKUITests.m; sourceTree = "<group>"; };
		6EA25C571CDB4E030042BCB7 /* Info.plist */ = {isa = PBXFileReference; lastKnownFileType = text.plist.xml; path = Info.plist; sourceTree = "<group>"; };
/* End PBXFileReference section */

/* Begin PBXFrameworksBuildPhase section */
		6EA25C2A1CDB4E030042BCB7 /* Frameworks */ = {
			isa = PBXFrameworksBuildPhase;
			buildActionMask = 2147483647;
			files = (
				6E1118471CDC2B640017812A /* libPaySDK.a in Frameworks */,
			);
			runOnlyForDeploymentPostprocessing = 0;
		};
		6EA25C431CDB4E030042BCB7 /* Frameworks */ = {
			isa = PBXFrameworksBuildPhase;
			buildActionMask = 2147483647;
			files = (
			);
			runOnlyForDeploymentPostprocessing = 0;
		};
		6EA25C4E1CDB4E030042BCB7 /* Frameworks */ = {
			isa = PBXFrameworksBuildPhase;
			buildActionMask = 2147483647;
			files = (
			);
			runOnlyForDeploymentPostprocessing = 0;
		};
/* End PBXFrameworksBuildPhase section */

/* Begin PBXGroup section */
		6E1118421CDC2B640017812A /* Debug-iphoneos */ = {
			isa = PBXGroup;
			children = (
				6E1118431CDC2B640017812A /* include */,
				6E1118461CDC2B640017812A /* libPaySDK.a */,
			);
			path = "Debug-iphoneos";
			sourceTree = "<group>";
		};
		6E1118431CDC2B640017812A /* include */ = {
			isa = PBXGroup;
			children = (
				6E1118441CDC2B640017812A /* PaySDK */,
			);
			path = include;
			sourceTree = "<group>";
		};
		6E1118441CDC2B640017812A /* PaySDK */ = {
			isa = PBXGroup;
			children = (
				6E1118451CDC2B640017812A /* PaySDK.h */,
			);
			path = PaySDK;
			sourceTree = "<group>";
		};
		6EA25C241CDB4E030042BCB7 = {
			isa = PBXGroup;
			children = (
				6EA25C2F1CDB4E030042BCB7 /* IPaySDK */,
				6EA25C491CDB4E030042BCB7 /* IPaySDKTests */,
				6EA25C541CDB4E030042BCB7 /* IPaySDKUITests */,
				6EA25C2E1CDB4E030042BCB7 /* Products */,
			);
			sourceTree = "<group>";
		};
		6EA25C2E1CDB4E030042BCB7 /* Products */ = {
			isa = PBXGroup;
			children = (
				6EA25C2D1CDB4E030042BCB7 /* IPaySDK.app */,
				6EA25C461CDB4E030042BCB7 /* IPaySDKTests.xctest */,
				6EA25C511CDB4E030042BCB7 /* IPaySDKUITests.xctest */,
			);
			name = Products;
			sourceTree = "<group>";
		};
		6EA25C2F1CDB4E030042BCB7 /* IPaySDK */ = {
			isa = PBXGroup;
			children = (
				6E1118421CDC2B640017812A /* Debug-iphoneos */,
				6EA25C331CDB4E030042BCB7 /* AppDelegate.h */,
				6EA25C341CDB4E030042BCB7 /* AppDelegate.m */,
				6EA25C361CDB4E030042BCB7 /* ViewController.h */,
				6EA25C371CDB4E030042BCB7 /* ViewController.m */,
				6EA25C391CDB4E030042BCB7 /* Main.storyboard */,
				6EA25C3C1CDB4E030042BCB7 /* Assets.xcassets */,
				6EA25C3E1CDB4E030042BCB7 /* LaunchScreen.storyboard */,
				6EA25C411CDB4E030042BCB7 /* Info.plist */,
				6EA25C301CDB4E030042BCB7 /* Supporting Files */,
			);
			path = IPaySDK;
			sourceTree = "<group>";
		};
		6EA25C301CDB4E030042BCB7 /* Supporting Files */ = {
			isa = PBXGroup;
			children = (
				6EA25C311CDB4E030042BCB7 /* main.m */,
			);
			name = "Supporting Files";
			sourceTree = "<group>";
		};
		6EA25C491CDB4E030042BCB7 /* IPaySDKTests */ = {
			isa = PBXGroup;
			children = (
				6EA25C4A1CDB4E030042BCB7 /* IPaySDKTests.m */,
				6EA25C4C1CDB4E030042BCB7 /* Info.plist */,
			);
			path = IPaySDKTests;
			sourceTree = "<group>";
		};
		6EA25C541CDB4E030042BCB7 /* IPaySDKUITests */ = {
			isa = PBXGroup;
			children = (
				6EA25C551CDB4E030042BCB7 /* IPaySDKUITests.m */,
				6EA25C571CDB4E030042BCB7 /* Info.plist */,
			);
			path = IPaySDKUITests;
			sourceTree = "<group>";
		};
/* End PBXGroup section */

/* Begin PBXNativeTarget section */
		6EA25C2C1CDB4E030042BCB7 /* IPaySDK */ = {
			isa = PBXNativeTarget;
			buildConfigurationList = 6EA25C5A1CDB4E030042BCB7 /* Build configuration list for PBXNativeTarget "IPaySDK" */;
			buildPhases = (
				6EA25C291CDB4E030042BCB7 /* Sources */,
				6EA25C2A1CDB4E030042BCB7 /* Frameworks */,
				6EA25C2B1CDB4E030042BCB7 /* Resources */,
			);
			buildRules = (
			);
			dependencies = (
			);
			name = IPaySDK;
			productName = IPaySDK;
			productReference = 6EA25C2D1CDB4E030042BCB7 /* IPaySDK.app */;
			productType = "com.apple.product-type.application";
		};
		6EA25C451CDB4E030042BCB7 /* IPaySDKTests */ = {
			isa = PBXNativeTarget;
			buildConfigurationList = 6EA25C5D1CDB4E030042BCB7 /* Build configuration list for PBXNativeTarget "IPaySDKTests" */;
			buildPhases = (
				6EA25C421CDB4E030042BCB7 /* Sources */,
				6EA25C431CDB4E030042BCB7 /* Frameworks */,
				6EA25C441CDB4E030042BCB7 /* Resources */,
			);
			buildRules = (
			);
			dependencies = (
				6EA25C481CDB4E030042BCB7 /* PBXTargetDependency */,
			);
			name = IPaySDKTests;
			productName = IPaySDKTests;
			productReference = 6EA25C461CDB4E030042BCB7 /* IPaySDKTests.xctest */;
			productType = "com.apple.product-type.bundle.unit-test";
		};
		6EA25C501CDB4E030042BCB7 /* IPaySDKUITests */ = {
			isa = PBXNativeTarget;
			buildConfigurationList = 6EA25C601CDB4E030042BCB7 /* Build configuration list for PBXNativeTarget "IPaySDKUITests" */;
			buildPhases = (
				6EA25C4D1CDB4E030042BCB7 /* Sources */,
				6EA25C4E1CDB4E030042BCB7 /* Frameworks */,
				6EA25C4F1CDB4E030042BCB7 /* Resources */,
			);
			buildRules = (
			);
			dependencies = (
				6EA25C531CDB4E030042BCB7 /* PBXTargetDependency */,
			);
			name = IPaySDKUITests;
			productName = IPaySDKUITests;
			productReference = 6EA25C511CDB4E030042BCB7 /* IPaySDKUITests.xctest */;
			productType = "com.apple.product-type.bundle.ui-testing";
		};
/* End PBXNativeTarget section */

/* Begin PBXProject section */
		6EA25C251CDB4E030042BCB7 /* Project object */ = {
			isa = PBXProject;
			attributes = {
				LastUpgradeCheck = 0730;
				ORGANIZATIONNAME = guohui;
				TargetAttributes = {
					6EA25C2C1CDB4E030042BCB7 = {
						CreatedOnToolsVersion = 7.3;
						DevelopmentTeam = AR84PC8U56;
					};
					6EA25C451CDB4E030042BCB7 = {
						CreatedOnToolsVersion = 7.3;
						TestTargetID = 6EA25C2C1CDB4E030042BCB7;
					};
					6EA25C501CDB4E030042BCB7 = {
						CreatedOnToolsVersion = 7.3;
						TestTargetID = 6EA25C2C1CDB4E030042BCB7;
					};
				};
			};
			buildConfigurationList = 6EA25C281CDB4E030042BCB7 /* Build configuration list for PBXProject "IPaySDK" */;
			compatibilityVersion = "Xcode 3.2";
			developmentRegion = English;
			hasScannedForEncodings = 0;
			knownRegions = (
				en,
				Base,
			);
			mainGroup = 6EA25C241CDB4E030042BCB7;
			productRefGroup = 6EA25C2E1CDB4E030042BCB7 /* Products */;
			projectDirPath = "";
			projectRoot = "";
			targets = (
				6EA25C2C1CDB4E030042BCB7 /* IPaySDK */,
				6EA25C451CDB4E030042BCB7 /* IPaySDKTests */,
				6EA25C501CDB4E030042BCB7 /* IPaySDKUITests */,
			);
		};
/* End PBXProject section */

/* Begin PBXResourcesBuildPhase section */
		6EA25C2B1CDB4E030042BCB7 /* Resources */ = {
			isa = PBXResourcesBuildPhase;
			buildActionMask = 2147483647;
			files = (
				6EA25C401CDB4E030042BCB7 /* LaunchScreen.storyboard in Resources */,
				6EA25C3D1CDB4E030042BCB7 /* Assets.xcassets in Resources */,
				6EA25C3B1CDB4E030042BCB7 /* Main.storyboard in Resources */,
			);
			runOnlyForDeploymentPostprocessing = 0;
		};
		6EA25C441CDB4E030042BCB7 /* Resources */ = {
			isa = PBXResourcesBuildPhase;
			buildActionMask = 2147483647;
			files = (
			);
			runOnlyForDeploymentPostprocessing = 0;
		};
		6EA25C4F1CDB4E030042BCB7 /* Resources */ = {
			isa = PBXResourcesBuildPhase;
			buildActionMask = 2147483647;
			files = (
			);
			runOnlyForDeploymentPostprocessing = 0;
		};
/* End PBXResourcesBuildPhase section */

/* Begin PBXSourcesBuildPhase section */
		6EA25C291CDB4E030042BCB7 /* Sources */ = {
			isa = PBXSourcesBuildPhase;
			buildActionMask = 2147483647;
			files = (
				6EA25C381CDB4E030042BCB7 /* ViewController.m in Sources */,
				6EA25C351CDB4E030042BCB7 /* AppDelegate.m in Sources */,
				6EA25C321CDB4E030042BCB7 /* main.m in Sources */,
			);
			runOnlyForDeploymentPostprocessing = 0;
		};
		6EA25C421CDB4E030042BCB7 /* Sources */ = {
			isa = PBXSourcesBuildPhase;
			buildActionMask = 2147483647;
			files = (
				6EA25C4B1CDB4E030042BCB7 /* IPaySDKTests.m in Sources */,
			);
			runOnlyForDeploymentPostprocessing = 0;
		};
		6EA25C4D1CDB4E030042BCB7 /* Sources */ = {
			isa = PBXSourcesBuildPhase;
			buildActionMask = 2147483647;
			files = (
				6EA25C561CDB4E030042BCB7 /* IPaySDKUITests.m in Sources */,
			);
			runOnlyForDeploymentPostprocessing = 0;
		};
/* End PBXSourcesBuildPhase section */

/* Begin PBXTargetDependency section */
		6EA25C481CDB4E030042BCB7 /* PBXTargetDependency */ = {
			isa = PBXTargetDependency;
			target = 6EA25C2C1CDB4E030042BCB7 /* IPaySDK */;
			targetProxy = 6EA25C471CDB4E030042BCB7 /* PBXContainerItemProxy */;
		};
		6EA25C531CDB4E030042BCB7 /* PBXTargetDependency */ = {
			isa = PBXTargetDependency;
			target = 6EA25C2C1CDB4E030042BCB7 /* IPaySDK */;
			targetProxy = 6EA25C521CDB4E030042BCB7 /* PBXContainerItemProxy */;
		};
/* End PBXTargetDependency section */

/* Begin PBXVariantGroup section */
		6EA25C391CDB4E030042BCB7 /* Main.storyboard */ = {
			isa = PBXVariantGroup;
			children = (
				6EA25C3A1CDB4E030042BCB7 /* Base */,
			);
			name = Main.storyboard;
			sourceTree = "<group>";
		};
		6EA25C3E1CDB4E030042BCB7 /* LaunchScreen.storyboard */ = {
			isa = PBXVariantGroup;
			children = (
				6EA25C3F1CDB4E030042BCB7 /* Base */,
			);
			name = LaunchScreen.storyboard;
			sourceTree = "<group>";
		};
/* End PBXVariantGroup section */

/* Begin XCBuildConfiguration section */
		6EA25C581CDB4E030042BCB7 /* Debug */ = {
			isa = XCBuildConfiguration;
			buildSettings = {
				ALWAYS_SEARCH_USER_PATHS = NO;
				CLANG_ANALYZER_NONNULL = YES;
				CLANG_CXX_LANGUAGE_STANDARD = "gnu++0x";
				CLANG_CXX_LIBRARY = "libc++";
				CLANG_ENABLE_MODULES = YES;
				CLANG_ENABLE_OBJC_ARC = YES;
				CLANG_WARN_BOOL_CONVERSION = YES;
				CLANG_WARN_CONSTANT_CONVERSION = YES;
				CLANG_WARN_DIRECT_OBJC_ISA_USAGE = YES_ERROR;
				CLANG_WARN_EMPTY_BODY = YES;
				CLANG_WARN_ENUM_CONVERSION = YES;
				CLANG_WARN_INT_CONVERSION = YES;
				CLANG_WARN_OBJC_ROOT_CLASS = YES_ERROR;
				CLANG_WARN_UNREACHABLE_CODE = YES;
				CLANG_WARN__DUPLICATE_METHOD_MATCH = YES;
				"CODE_SIGN_IDENTITY[sdk=iphoneos*]" = "iPhone Developer";
				COPY_PHASE_STRIP = NO;
				DEBUG_INFORMATION_FORMAT = dwarf;
				ENABLE_STRICT_OBJC_MSGSEND = YES;
				ENABLE_TESTABILITY = YES;
				GCC_C_LANGUAGE_STANDARD = gnu99;
				GCC_DYNAMIC_NO_PIC = NO;
				GCC_NO_COMMON_BLOCKS = YES;
				GCC_OPTIMIZATION_LEVEL = 0;
				GCC_PREPROCESSOR_DEFINITIONS = (
					"DEBUG=1",
					"$(inherited)",
				);
				GCC_WARN_64_TO_32_BIT_CONVERSION = YES;
				GCC_WARN_ABOUT_RETURN_TYPE = YES_ERROR;
				GCC_WARN_UNDECLARED_SELECTOR = YES;
				GCC_WARN_UNINITIALIZED_AUTOS = YES_AGGRESSIVE;
				GCC_WARN_UNUSED_FUNCTION = YES;
				GCC_WARN_UNUSED_VARIABLE = YES;
				IPHONEOS_DEPLOYMENT_TARGET = 9.3;
				MTL_ENABLE_DEBUG_INFO = YES;
				ONLY_ACTIVE_ARCH = YES;
				SDKROOT = iphoneos;
				TARGETED_DEVICE_FAMILY = "1,2";
			};
			name = Debug;
		};
		6EA25C591CDB4E030042BCB7 /* Release */ = {
			isa = XCBuildConfiguration;
			buildSettings = {
				ALWAYS_SEARCH_USER_PATHS = NO;
				CLANG_ANALYZER_NONNULL = YES;
				CLANG_CXX_LANGUAGE_STANDARD = "gnu++0x";
				CLANG_CXX_LIBRARY = "libc++";
				CLANG_ENABLE_MODULES = YES;
				CLANG_ENABLE_OBJC_ARC = YES;
				CLANG_WARN_BOOL_CONVERSION = YES;
				CLANG_WARN_CONSTANT_CONVERSION = YES;
				CLANG_WARN_DIRECT_OBJC_ISA_USAGE = YES_ERROR;
				CLANG_WARN_EMPTY_BODY = YES;
				CLANG_WARN_ENUM_CONVERSION = YES;
				CLANG_WARN_INT_CONVERSION = YES;
				CLANG_WARN_OBJC_ROOT_CLASS = YES_ERROR;
				CLANG_WARN_UNREACHABLE_CODE = YES;
				CLANG_WARN__DUPLICATE_METHOD_MATCH = YES;
				"CODE_SIGN_IDENTITY[sdk=iphoneos*]" = "iPhone Developer";
				COPY_PHASE_STRIP = NO;
				DEBUG_INFORMATION_FORMAT = "dwarf-with-dsym";
				ENABLE_NS_ASSERTIONS = NO;
				ENABLE_STRICT_OBJC_MSGSEND = YES;
				GCC_C_LANGUAGE_STANDARD = gnu99;
				GCC_NO_COMMON_BLOCKS = YES;
				GCC_WARN_64_TO_32_BIT_CONVERSION = YES;
				GCC_WARN_ABOUT_RETURN_TYPE = YES_ERROR;
				GCC_WARN_UNDECLARED_SELECTOR = YES;
				GCC_WARN_UNINITIALIZED_AUTOS = YES_AGGRESSIVE;
				GCC_WARN_UNUSED_FUNCTION = YES;
				GCC_WARN_UNUSED_VARIABLE = YES;
				IPHONEOS_DEPLOYMENT_TARGET = 9.3;
				MTL_ENABLE_DEBUG_INFO = NO;
				SDKROOT = iphoneos;
				TARGETED_DEVICE_FAMILY = "1,2";
				VALIDATE_PRODUCT = YES;
			};
			name = Release;
		};
		6EA25C5B1CDB4E030042BCB7 /* Debug */ = {
			isa = XCBuildConfiguration;
			buildSettings = {
				ASSETCATALOG_COMPILER_APPICON_NAME = AppIcon;
				CODE_SIGN_IDENTITY = "iPhone Developer";
				INFOPLIST_FILE = IPaySDK/Info.plist;
				IPHONEOS_DEPLOYMENT_TARGET = 8.2;
				LD_RUNPATH_SEARCH_PATHS = "$(inherited) @executable_path/Frameworks";
				LIBRARY_SEARCH_PATHS = (
					"$(inherited)",
					"$(PROJECT_DIR)/IPaySDK/Debug-iphoneos",
				);
				PRODUCT_BUNDLE_IDENTIFIER = com.lecuntao.IPaySDK;
				PRODUCT_NAME = "$(TARGET_NAME)";
			};
			name = Debug;
		};
		6EA25C5C1CDB4E030042BCB7 /* Release */ = {
			isa = XCBuildConfiguration;
			buildSettings = {
				ASSETCATALOG_COMPILER_APPICON_NAME = AppIcon;
				CODE_SIGN_IDENTITY = "iPhone Developer";
				INFOPLIST_FILE = IPaySDK/Info.plist;
				IPHONEOS_DEPLOYMENT_TARGET = 8.2;
				LD_RUNPATH_SEARCH_PATHS = "$(inherited) @executable_path/Frameworks";
				LIBRARY_SEARCH_PATHS = (
					"$(inherited)",
					"$(PROJECT_DIR)/IPaySDK/Debug-iphoneos",
				);
				PRODUCT_BUNDLE_IDENTIFIER = com.lecuntao.IPaySDK;
				PRODUCT_NAME = "$(TARGET_NAME)";
			};
			name = Release;
		};
		6EA25C5E1CDB4E030042BCB7 /* Debug */ = {
			isa = XCBuildConfiguration;
			buildSettings = {
				BUNDLE_LOADER = "$(TEST_HOST)";
				INFOPLIST_FILE = IPaySDKTests/Info.plist;
				LD_RUNPATH_SEARCH_PATHS = "$(inherited) @executable_path/Frameworks @loader_path/Frameworks";
				PRODUCT_BUNDLE_IDENTIFIER = com.lecuntao.IPaySDKTests;
				PRODUCT_NAME = "$(TARGET_NAME)";
				TEST_HOST = "$(BUILT_PRODUCTS_DIR)/IPaySDK.app/IPaySDK";
			};
			name = Debug;
		};
		6EA25C5F1CDB4E030042BCB7 /* Release */ = {
			isa = XCBuildConfiguration;
			buildSettings = {
				BUNDLE_LOADER = "$(TEST_HOST)";
				INFOPLIST_FILE = IPaySDKTests/Info.plist;
				LD_RUNPATH_SEARCH_PATHS = "$(inherited) @executable_path/Frameworks @loader_path/Frameworks";
				PRODUCT_BUNDLE_IDENTIFIER = com.lecuntao.IPaySDKTests;
				PRODUCT_NAME = "$(TARGET_NAME)";
				TEST_HOST = "$(BUILT_PRODUCTS_DIR)/IPaySDK.app/IPaySDK";
			};
			name = Release;
		};
		6EA25C611CDB4E030042BCB7 /* Debug */ = {
			isa = XCBuildConfiguration;
			buildSettings = {
				INFOPLIST_FILE = IPaySDKUITests/Info.plist;
				LD_RUNPATH_SEARCH_PATHS = "$(inherited) @executable_path/Frameworks @loader_path/Frameworks";
				PRODUCT_BUNDLE_IDENTIFIER = com.lecuntao.IPaySDKUITests;
				PRODUCT_NAME = "$(TARGET_NAME)";
				TEST_TARGET_NAME = IPaySDK;
			};
			name = Debug;
		};
		6EA25C621CDB4E030042BCB7 /* Release */ = {
			isa = XCBuildConfiguration;
			buildSettings = {
				INFOPLIST_FILE = IPaySDKUITests/Info.plist;
				LD_RUNPATH_SEARCH_PATHS = "$(inherited) @executable_path/Frameworks @loader_path/Frameworks";
				PRODUCT_BUNDLE_IDENTIFIER = com.lecuntao.IPaySDKUITests;
				PRODUCT_NAME = "$(TARGET_NAME)";
				TEST_TARGET_NAME = IPaySDK;
			};
			name = Release;
		};
/* End XCBuildConfiguration section */

/* Begin XCConfigurationList section */
		6EA25C281CDB4E030042BCB7 /* Build configuration list for PBXProject "IPaySDK" */ = {
			isa = XCConfigurationList;
			buildConfigurations = (
				6EA25C581CDB4E030042BCB7 /* Debug */,
				6EA25C591CDB4E030042BCB7 /* Release */,
			);
			defaultConfigurationIsVisible = 0;
			defaultConfigurationName = Release;
		};
		6EA25C5A1CDB4E030042BCB7 /* Build configuration list for PBXNativeTarget "IPaySDK" */ = {
			isa = XCConfigurationList;
			buildConfigurations = (
				6EA25C5B1CDB4E030042BCB7 /* Debug */,
				6EA25C5C1CDB4E030042BCB7 /* Release */,
			);
			defaultConfigurationIsVisible = 0;
			defaultConfigurationName = Release;
		};
		6EA25C5D1CDB4E030042BCB7 /* Build configuration list for PBXNativeTarget "IPaySDKTests" */ = {
			isa = XCConfigurationList;
			buildConfigurations = (
				6EA25C5E1CDB4E030042BCB7 /* Debug */,
				6EA25C5F1CDB4E030042BCB7 /* Release */,
			);
			defaultConfigurationIsVisible = 0;
			defaultConfigurationName = Release;
		};
		6EA25C601CDB4E030042BCB7 /* Build configuration list for PBXNativeTarget "IPaySDKUITests" */ = {
			isa = XCConfigurationList;
			buildConfigurations = (
				6EA25C611CDB4E030042BCB7 /* Debug */,
				6EA25C621CDB4E030042BCB7 /* Release */,
			);
			defaultConfigurationIsVisible = 0;
			defaultConfigurationName = Release;
		};
/* End XCConfigurationList section */
	};
	rootObject = 6EA25C251CDB4E030042BCB7 /* Project object */;
}
